
Microsoft Visual Studio Solution File, Format Version 12.00
# Visual Studio Version 16
VisualStudioVersion = 16.0.30611.23
MinimumVisualStudioVersion = 10.0.40219.1
Project("{FAE04EC0-301F-11D3-BF4B-00C04F79EFBC}") = "crud_with_json_file", "crud_with_json_file\crud_with_json_file.csproj", "{B1B89B54-1064-4B4F-9762-BDBFFECDF19D}"
EndProject
Global
	GlobalSection(SolutionConfigurationPlatforms) = preSolution
		Debug|Any CPU = Debug|Any CPU
		Release|Any CPU = Release|Any CPU
	EndGlobalSection
	GlobalSection(ProjectConfigurationPlatforms) = postSolution
		{B1B89B54-1064-4B4F-9762-BDBFFECDF19D}.Debug|Any CPU.ActiveCfg = Debug|Any CPU
		{B1B89B54-1064-4B4F-9762-BDBFFECDF19D}.Debug|Any CPU.Build.0 = Debug|Any CPU
		{B1B89B54-1064-4B4F-9762-BDBFFECDF19D}.Release|Any CPU.ActiveCfg = Release|Any CPU
		{B1B89B54-1064-4B4F-9762-BDBFFECDF19D}.Release|Any CPU.Build.0 = Release|Any CPU
	EndGlobalSection
	GlobalSection(SolutionProperties) = preSolution
		HideSolutionNode = FALSE
	EndGlobalSection
	GlobalSection(ExtensibilityGlobals) = postSolution
		SolutionGuid = {480B9E72-B6D0-4F5B-A7E1-78189FC35D7E}
	EndGlobalSection
EndGlobal
