
Microsoft Visual Studio Solution File, Format Version 12.00
# Visual Studio 15
VisualStudioVersion = 15.0.28307.572
MinimumVisualStudioVersion = 10.0.40219.1
Project("{FAE04EC0-301F-11D3-BF4B-00C04F79EFBC}") = "test_elmah_core", "test_elmah_core\test_elmah_core.csproj", "{F5A0C88C-A0BA-4CC8-A2B1-C60DE2E83CFA}"
EndProject
Global
	GlobalSection(SolutionConfigurationPlatforms) = preSolution
		Debug|Any CPU = Debug|Any CPU
		Release|Any CPU = Release|Any CPU
	EndGlobalSection
	GlobalSection(ProjectConfigurationPlatforms) = postSolution
		{F5A0C88C-A0BA-4CC8-A2B1-C60DE2E83CFA}.Debug|Any CPU.ActiveCfg = Debug|Any CPU
		{F5A0C88C-A0BA-4CC8-A2B1-C60DE2E83CFA}.Debug|Any CPU.Build.0 = Debug|Any CPU
		{F5A0C88C-A0BA-4CC8-A2B1-C60DE2E83CFA}.Release|Any CPU.ActiveCfg = Release|Any CPU
		{F5A0C88C-A0BA-4CC8-A2B1-C60DE2E83CFA}.Release|Any CPU.Build.0 = Release|Any CPU
	EndGlobalSection
	GlobalSection(SolutionProperties) = preSolution
		HideSolutionNode = FALSE
	EndGlobalSection
	GlobalSection(ExtensibilityGlobals) = postSolution
		SolutionGuid = {A9FF0C56-2CFB-4543-8343-BC77A144E0DE}
	EndGlobalSection
EndGlobal
