
Microsoft Visual Studio Solution File, Format Version 12.00
# Visual Studio Version 16
VisualStudioVersion = 16.0.29409.12
MinimumVisualStudioVersion = 10.0.40219.1
Project("{FAE04EC0-301F-11D3-BF4B-00C04F79EFBC}") = "read_settings_from_json", "read_settings_from_json\read_settings_from_json.csproj", "{81A41475-7076-4DE3-94C9-AA8C223BE0A6}"
EndProject
Global
	GlobalSection(SolutionConfigurationPlatforms) = preSolution
		Debug|Any CPU = Debug|Any CPU
		Release|Any CPU = Release|Any CPU
	EndGlobalSection
	GlobalSection(ProjectConfigurationPlatforms) = postSolution
		{81A41475-7076-4DE3-94C9-AA8C223BE0A6}.Debug|Any CPU.ActiveCfg = Debug|Any CPU
		{81A41475-7076-4DE3-94C9-AA8C223BE0A6}.Debug|Any CPU.Build.0 = Debug|Any CPU
		{81A41475-7076-4DE3-94C9-AA8C223BE0A6}.Release|Any CPU.ActiveCfg = Release|Any CPU
		{81A41475-7076-4DE3-94C9-AA8C223BE0A6}.Release|Any CPU.Build.0 = Release|Any CPU
	EndGlobalSection
	GlobalSection(SolutionProperties) = preSolution
		HideSolutionNode = FALSE
	EndGlobalSection
	GlobalSection(ExtensibilityGlobals) = postSolution
		SolutionGuid = {8009653B-CB37-4C32-9B14-B5DBE32C2477}
	EndGlobalSection
EndGlobal
