
Microsoft Visual Studio Solution File, Format Version 12.00
# Visual Studio 15
VisualStudioVersion = 15.0.28307.572
MinimumVisualStudioVersion = 10.0.40219.1
Project("{FAE04EC0-301F-11D3-BF4B-00C04F79EFBC}") = "test foolproof", "test foolproof\test foolproof.csproj", "{E0C8A72A-F4D6-45FA-ADA2-6E4FEEDA6936}"
EndProject
Global
	GlobalSection(SolutionConfigurationPlatforms) = preSolution
		Debug|Any CPU = Debug|Any CPU
		Release|Any CPU = Release|Any CPU
	EndGlobalSection
	GlobalSection(ProjectConfigurationPlatforms) = postSolution
		{E0C8A72A-F4D6-45FA-ADA2-6E4FEEDA6936}.Debug|Any CPU.ActiveCfg = Debug|Any CPU
		{E0C8A72A-F4D6-45FA-ADA2-6E4FEEDA6936}.Debug|Any CPU.Build.0 = Debug|Any CPU
		{E0C8A72A-F4D6-45FA-ADA2-6E4FEEDA6936}.Release|Any CPU.ActiveCfg = Release|Any CPU
		{E0C8A72A-F4D6-45FA-ADA2-6E4FEEDA6936}.Release|Any CPU.Build.0 = Release|Any CPU
	EndGlobalSection
	GlobalSection(SolutionProperties) = preSolution
		HideSolutionNode = FALSE
	EndGlobalSection
	GlobalSection(ExtensibilityGlobals) = postSolution
		SolutionGuid = {D9B4221A-5DEC-4CE4-9B3D-38BE8F161DAC}
	EndGlobalSection
EndGlobal
