
Microsoft Visual Studio Solution File, Format Version 12.00
# Visual Studio 15
VisualStudioVersion = 15.0.28307.572
MinimumVisualStudioVersion = 10.0.40219.1
Project("{FAE04EC0-301F-11D3-BF4B-00C04F79EFBC}") = "WcfService1", "WcfService1\WcfService1.csproj", "{C285D607-EB6C-4AB1-B381-A9AC00813819}"
EndProject
Global
	GlobalSection(SolutionConfigurationPlatforms) = preSolution
		Debug|Any CPU = Debug|Any CPU
		Release|Any CPU = Release|Any CPU
	EndGlobalSection
	GlobalSection(ProjectConfigurationPlatforms) = postSolution
		{C285D607-EB6C-4AB1-B381-A9AC00813819}.Debug|Any CPU.ActiveCfg = Debug|Any CPU
		{C285D607-EB6C-4AB1-B381-A9AC00813819}.Debug|Any CPU.Build.0 = Debug|Any CPU
		{C285D607-EB6C-4AB1-B381-A9AC00813819}.Release|Any CPU.ActiveCfg = Release|Any CPU
		{C285D607-EB6C-4AB1-B381-A9AC00813819}.Release|Any CPU.Build.0 = Release|Any CPU
	EndGlobalSection
	GlobalSection(SolutionProperties) = preSolution
		HideSolutionNode = FALSE
	EndGlobalSection
	GlobalSection(ExtensibilityGlobals) = postSolution
		SolutionGuid = {6A7B2FFE-6C1B-4D60-A0F0-C3F4FEFD5734}
	EndGlobalSection
EndGlobal
