
Microsoft Visual Studio Solution File, Format Version 12.00
# Visual Studio Version 16
VisualStudioVersion = 16.0.29409.12
MinimumVisualStudioVersion = 10.0.40219.1
Project("{FAE04EC0-301F-11D3-BF4B-00C04F79EFBC}") = "project_with_enable_docker_support", "project_with_enable_docker_support\project_with_enable_docker_support.csproj", "{212E4583-5258-4DFB-8704-F871DE5618FA}"
EndProject
Global
	GlobalSection(SolutionConfigurationPlatforms) = preSolution
		Debug|Any CPU = Debug|Any CPU
		Release|Any CPU = Release|Any CPU
	EndGlobalSection
	GlobalSection(ProjectConfigurationPlatforms) = postSolution
		{212E4583-5258-4DFB-8704-F871DE5618FA}.Debug|Any CPU.ActiveCfg = Debug|Any CPU
		{212E4583-5258-4DFB-8704-F871DE5618FA}.Debug|Any CPU.Build.0 = Debug|Any CPU
		{212E4583-5258-4DFB-8704-F871DE5618FA}.Release|Any CPU.ActiveCfg = Release|Any CPU
		{212E4583-5258-4DFB-8704-F871DE5618FA}.Release|Any CPU.Build.0 = Release|Any CPU
	EndGlobalSection
	GlobalSection(SolutionProperties) = preSolution
		HideSolutionNode = FALSE
	EndGlobalSection
	GlobalSection(ExtensibilityGlobals) = postSolution
		SolutionGuid = {AA0CD068-77D8-4AED-8EF5-6594941385A5}
	EndGlobalSection
EndGlobal
