
Microsoft Visual Studio Solution File, Format Version 12.00
# Visual Studio Version 16
VisualStudioVersion = 16.0.29409.12
MinimumVisualStudioVersion = 10.0.40219.1
Project("{FAE04EC0-301F-11D3-BF4B-00C04F79EFBC}") = "send_email_gmail_smtp", "send_email_gmail_smtp\send_email_gmail_smtp.csproj", "{6ED7450C-1B22-4B23-8F6A-AB59F9793C7E}"
EndProject
Global
	GlobalSection(SolutionConfigurationPlatforms) = preSolution
		Debug|Any CPU = Debug|Any CPU
		Release|Any CPU = Release|Any CPU
	EndGlobalSection
	GlobalSection(ProjectConfigurationPlatforms) = postSolution
		{6ED7450C-1B22-4B23-8F6A-AB59F9793C7E}.Debug|Any CPU.ActiveCfg = Debug|Any CPU
		{6ED7450C-1B22-4B23-8F6A-AB59F9793C7E}.Debug|Any CPU.Build.0 = Debug|Any CPU
		{6ED7450C-1B22-4B23-8F6A-AB59F9793C7E}.Release|Any CPU.ActiveCfg = Release|Any CPU
		{6ED7450C-1B22-4B23-8F6A-AB59F9793C7E}.Release|Any CPU.Build.0 = Release|Any CPU
	EndGlobalSection
	GlobalSection(SolutionProperties) = preSolution
		HideSolutionNode = FALSE
	EndGlobalSection
	GlobalSection(ExtensibilityGlobals) = postSolution
		SolutionGuid = {81F84B32-E528-440B-B60B-48579664800E}
	EndGlobalSection
EndGlobal
