
Microsoft Visual Studio Solution File, Format Version 12.00
# Visual Studio 15
VisualStudioVersion = 15.0.28307.572
MinimumVisualStudioVersion = 10.0.40219.1
Project("{FAE04EC0-301F-11D3-BF4B-00C04F79EFBC}") = "middleware", "middleware\middleware.csproj", "{576210D8-66CA-486A-A50F-DD815246056C}"
EndProject
Global
	GlobalSection(SolutionConfigurationPlatforms) = preSolution
		Debug|Any CPU = Debug|Any CPU
		Release|Any CPU = Release|Any CPU
	EndGlobalSection
	GlobalSection(ProjectConfigurationPlatforms) = postSolution
		{576210D8-66CA-486A-A50F-DD815246056C}.Debug|Any CPU.ActiveCfg = Debug|Any CPU
		{576210D8-66CA-486A-A50F-DD815246056C}.Debug|Any CPU.Build.0 = Debug|Any CPU
		{576210D8-66CA-486A-A50F-DD815246056C}.Release|Any CPU.ActiveCfg = Release|Any CPU
		{576210D8-66CA-486A-A50F-DD815246056C}.Release|Any CPU.Build.0 = Release|Any CPU
	EndGlobalSection
	GlobalSection(SolutionProperties) = preSolution
		HideSolutionNode = FALSE
	EndGlobalSection
	GlobalSection(ExtensibilityGlobals) = postSolution
		SolutionGuid = {B6F6E1EB-E37D-41BB-A1FC-378266E7A348}
	EndGlobalSection
EndGlobal
