
Microsoft Visual Studio Solution File, Format Version 12.00
# Visual Studio 15
VisualStudioVersion = 15.0.28307.572
MinimumVisualStudioVersion = 10.0.40219.1
Project("{FAE04EC0-301F-11D3-BF4B-00C04F79EFBC}") = "NBuilderAndFaker", "NBuilderAndFaker\NBuilderAndFaker.csproj", "{58C1E4EB-8FE3-4C63-8A96-45B394349FE3}"
EndProject
Global
	GlobalSection(SolutionConfigurationPlatforms) = preSolution
		Debug|Any CPU = Debug|Any CPU
		Release|Any CPU = Release|Any CPU
	EndGlobalSection
	GlobalSection(ProjectConfigurationPlatforms) = postSolution
		{58C1E4EB-8FE3-4C63-8A96-45B394349FE3}.Debug|Any CPU.ActiveCfg = Debug|Any CPU
		{58C1E4EB-8FE3-4C63-8A96-45B394349FE3}.Debug|Any CPU.Build.0 = Debug|Any CPU
		{58C1E4EB-8FE3-4C63-8A96-45B394349FE3}.Release|Any CPU.ActiveCfg = Release|Any CPU
		{58C1E4EB-8FE3-4C63-8A96-45B394349FE3}.Release|Any CPU.Build.0 = Release|Any CPU
	EndGlobalSection
	GlobalSection(SolutionProperties) = preSolution
		HideSolutionNode = FALSE
	EndGlobalSection
	GlobalSection(ExtensibilityGlobals) = postSolution
		SolutionGuid = {7AF29612-3D65-497E-85C9-A7DCA13DF2AB}
	EndGlobalSection
EndGlobal
