
Microsoft Visual Studio Solution File, Format Version 12.00
# Visual Studio Version 16
VisualStudioVersion = 16.0.29409.12
MinimumVisualStudioVersion = 10.0.40219.1
Project("{9A19103F-16F7-4668-BE54-9A1E7A4F7556}") = "containerize_app_with_docker", "containerize_app_with_docker\containerize_app_with_docker.csproj", "{2F8AFAB8-FCC2-4D9F-8BF9-1736D301F1E7}"
EndProject
Project("{FAE04EC0-301F-11D3-BF4B-00C04F79EFBC}") = "ClassLibrary2", "ClassLibrary2\ClassLibrary2.csproj", "{092FA58C-03F0-43CE-A4AB-6DDB5C220590}"
EndProject
Global
	GlobalSection(SolutionConfigurationPlatforms) = preSolution
		Debug|Any CPU = Debug|Any CPU
		Release|Any CPU = Release|Any CPU
	EndGlobalSection
	GlobalSection(ProjectConfigurationPlatforms) = postSolution
		{2F8AFAB8-FCC2-4D9F-8BF9-1736D301F1E7}.Debug|Any CPU.ActiveCfg = Debug|Any CPU
		{2F8AFAB8-FCC2-4D9F-8BF9-1736D301F1E7}.Debug|Any CPU.Build.0 = Debug|Any CPU
		{2F8AFAB8-FCC2-4D9F-8BF9-1736D301F1E7}.Release|Any CPU.ActiveCfg = Release|Any CPU
		{2F8AFAB8-FCC2-4D9F-8BF9-1736D301F1E7}.Release|Any CPU.Build.0 = Release|Any CPU
		{092FA58C-03F0-43CE-A4AB-6DDB5C220590}.Debug|Any CPU.ActiveCfg = Debug|Any CPU
		{092FA58C-03F0-43CE-A4AB-6DDB5C220590}.Debug|Any CPU.Build.0 = Debug|Any CPU
		{092FA58C-03F0-43CE-A4AB-6DDB5C220590}.Release|Any CPU.ActiveCfg = Release|Any CPU
		{092FA58C-03F0-43CE-A4AB-6DDB5C220590}.Release|Any CPU.Build.0 = Release|Any CPU
	EndGlobalSection
	GlobalSection(SolutionProperties) = preSolution
		HideSolutionNode = FALSE
	EndGlobalSection
	GlobalSection(ExtensibilityGlobals) = postSolution
		SolutionGuid = {D1564A34-DE1D-43E4-9287-D2B6C610DA57}
	EndGlobalSection
EndGlobal
